// !$*UTF8*$!
{
	archiveVersion = 1;
	classes = {
	};
	objectVersion = 46;
	objects = {

/* Begin PBXBuildFile section */
		A41C98F0195BFC17007BE347 /* Foundation.framework in Frameworks */ = {isa = PBXBuildFile; fileRef = A41C98EF195BFC17007BE347 /* Foundation.framework */; };
		A41C98F2195BFC17007BE347 /* CoreGraphics.framework in Frameworks */ = {isa = PBXBuildFile; fileRef = A41C98F1195BFC17007BE347 /* CoreGraphics.framework */; };
		A41C98F4195BFC17007BE347 /* UIKit.framework in Frameworks */ = {isa = PBXBuildFile; fileRef = A41C98F3195BFC17007BE347 /* UIKit.framework */; };
		A41C98FA195BFC17007BE347 /* InfoPlist.strings in Resources */ = {isa = PBXBuildFile; fileRef = A41C98F8195BFC17007BE347 /* InfoPlist.strings */; };
		A41C98FC195BFC17007BE347 /* main.m in Sources */ = {isa = PBXBuildFile; fileRef = A41C98FB195BFC17007BE347 /* main.m */; };
		A41C9900195BFC17007BE347 /* YBYSHAppDelegate.m in Sources */ = {isa = PBXBuildFile; fileRef = A41C98FF195BFC17007BE347 /* YBYSHAppDelegate.m */; };
		A41C9902195BFC17007BE347 /* Images.xcassets in Resources */ = {isa = PBXBuildFile; fileRef = A41C9901195BFC17007BE347 /* Images.xcassets */; };
		A41C9909195BFC17007BE347 /* XCTest.framework in Frameworks */ = {isa = PBXBuildFile; fileRef = A41C9908195BFC17007BE347 /* XCTest.framework */; };
		A41C990A195BFC17007BE347 /* Foundation.framework in Frameworks */ = {isa = PBXBuildFile; fileRef = A41C98EF195BFC17007BE347 /* Foundation.framework */; };
		A41C990B195BFC17007BE347 /* UIKit.framework in Frameworks */ = {isa = PBXBuildFile; fileRef = A41C98F3195BFC17007BE347 /* UIKit.framework */; };
		A41C9913195BFC17007BE347 /* InfoPlist.strings in Resources */ = {isa = PBXBuildFile; fileRef = A41C9911195BFC17007BE347 /* InfoPlist.strings */; };
		A41C9915195BFC17007BE347 /* SilenceHelperTests.m in Sources */ = {isa = PBXBuildFile; fileRef = A41C9914195BFC17007BE347 /* SilenceHelperTests.m */; };
		A41C9920195BFC58007BE347 /* YBYSHRootViewController.m in Sources */ = {isa = PBXBuildFile; fileRef = A41C991F195BFC58007BE347 /* YBYSHRootViewController.m */; };
/* End PBXBuildFile section */

/* Begin PBXContainerItemProxy section */
		A41C990C195BFC17007BE347 /* PBXContainerItemProxy */ = {
			isa = PBXContainerItemProxy;
			containerPortal = A41C98E4195BFC17007BE347 /* Project object */;
			proxyType = 1;
			remoteGlobalIDString = A41C98EB195BFC17007BE347;
			remoteInfo = SilenceHelper;
		};
/* End PBXContainerItemProxy section */

/* Begin PBXFileReference section */
		A41C98EC195BFC17007BE347 /* SilenceHelper.app */ = {isa = PBXFileReference; explicitFileType = wrapper.application; includeInIndex = 0; path = SilenceHelper.app; sourceTree = BUILT_PRODUCTS_DIR; };
		A41C98EF195BFC17007BE347 /* Foundation.framework */ = {isa = PBXFileReference; lastKnownFileType = wrapper.framework; name = Foundation.framework; path = System/Library/Frameworks/Foundation.framework; sourceTree = SDKROOT; };
		A41C98F1195BFC17007BE347 /* CoreGraphics.framework */ = {isa = PBXFileReference; lastKnownFileType = wrapper.framework; name = CoreGraphics.framework; path = System/Library/Frameworks/CoreGraphics.framework; sourceTree = SDKROOT; };
		A41C98F3195BFC17007BE347 /* UIKit.framework */ = {isa = PBXFileReference; lastKnownFileType = wrapper.framework; name = UIKit.framework; path = System/Library/Frameworks/UIKit.framework; sourceTree = SDKROOT; };
		A41C98F7195BFC17007BE347 /* SilenceHelper-Info.plist */ = {isa = PBXFileReference; lastKnownFileType = text.plist.xml; path = "SilenceHelper-Info.plist"; sourceTree = "<group>"; };
		A41C98F9195BFC17007BE347 /* en */ = {isa = PBXFileReference; lastKnownFileType = text.plist.strings; name = en; path = en.lproj/InfoPlist.strings; sourceTree = "<group>"; };
		A41C98FB195BFC17007BE347 /* main.m */ = {isa = PBXFileReference; lastKnownFileType = sourcecode.c.objc; path = main.m; sourceTree = "<group>"; };
		A41C98FD195BFC17007BE347 /* SilenceHelper-Prefix.pch */ = {isa = PBXFileReference; lastKnownFileType = sourcecode.c.h; path = "SilenceHelper-Prefix.pch"; sourceTree = "<group>"; };
		A41C98FE195BFC17007BE347 /* YBYSHAppDelegate.h */ = {isa = PBXFileReference; lastKnownFileType = sourcecode.c.h; path = YBYSHAppDelegate.h; sourceTree = "<group>"; };
		A41C98FF195BFC17007BE347 /* YBYSHAppDelegate.m */ = {isa = PBXFileReference; lastKnownFileType = sourcecode.c.objc; path = YBYSHAppDelegate.m; sourceTree = "<group>"; };
		A41C9901195BFC17007BE347 /* Images.xcassets */ = {isa = PBXFileReference; lastKnownFileType = folder.assetcatalog; path = Images.xcassets; sourceTree = "<group>"; };
		A41C9907195BFC17007BE347 /* SilenceHelperTests.xctest */ = {isa = PBXFileReference; explicitFileType = wrapper.cfbundle; includeInIndex = 0; path = SilenceHelperTests.xctest; sourceTree = BUILT_PRODUCTS_DIR; };
		A41C9908195BFC17007BE347 /* XCTest.framework */ = {isa = PBXFileReference; lastKnownFileType = wrapper.framework; name = XCTest.framework; path = Library/Frameworks/XCTest.framework; sourceTree = DEVELOPER_DIR; };
		A41C9910195BFC17007BE347 /* SilenceHelperTests-Info.plist */ = {isa = PBXFileReference; lastKnownFileType = text.plist.xml; path = "SilenceHelperTests-Info.plist"; sourceTree = "<group>"; };
		A41C9912195BFC17007BE347 /* en */ = {isa = PBXFileReference; lastKnownFileType = text.plist.strings; name = en; path = en.lproj/InfoPlist.strings; sourceTree = "<group>"; };
		A41C9914195BFC17007BE347 /* SilenceHelperTests.m */ = {isa = PBXFileReference; lastKnownFileType = sourcecode.c.objc; path = SilenceHelperTests.m; sourceTree = "<group>"; };
		A41C991E195BFC58007BE347 /* YBYSHRootViewController.h */ = {isa = PBXFileReference; fileEncoding = 4; lastKnownFileType = sourcecode.c.h; path = YBYSHRootViewController.h; sourceTree = "<group>"; };
		A41C991F195BFC58007BE347 /* YBYSHRootViewController.m */ = {isa = PBXFileReference; fileEncoding = 4; lastKnownFileType = sourcecode.c.objc; path = YBYSHRootViewController.m; sourceTree = "<group>"; };
/* End PBXFileReference section */

/* Begin PBXFrameworksBuildPhase section */
		A41C98E9195BFC17007BE347 /* Frameworks */ = {
			isa = PBXFrameworksBuildPhase;
			buildActionMask = 2147483647;
			files = (
				A41C98F2195BFC17007BE347 /* CoreGraphics.framework in Frameworks */,
				A41C98F4195BFC17007BE347 /* UIKit.framework in Frameworks */,
				A41C98F0195BFC17007BE347 /* Foundation.framework in Frameworks */,
			);
			runOnlyForDeploymentPostprocessing = 0;
		};
		A41C9904195BFC17007BE347 /* Frameworks */ = {
			isa = PBXFrameworksBuildPhase;
			buildActionMask = 2147483647;
			files = (
				A41C9909195BFC17007BE347 /* XCTest.framework in Frameworks */,
				A41C990B195BFC17007BE347 /* UIKit.framework in Frameworks */,
				A41C990A195BFC17007BE347 /* Foundation.framework in Frameworks */,
			);
			runOnlyForDeploymentPostprocessing = 0;
		};
/* End PBXFrameworksBuildPhase section */

/* Begin PBXGroup section */
		A41C98E3195BFC17007BE347 = {
			isa = PBXGroup;
			children = (
				A41C98F5195BFC17007BE347 /* SilenceHelper */,
				A41C990E195BFC17007BE347 /* SilenceHelperTests */,
				A41C98EE195BFC17007BE347 /* Frameworks */,
				A41C98ED195BFC17007BE347 /* Products */,
			);
			sourceTree = "<group>";
		};
		A41C98ED195BFC17007BE347 /* Products */ = {
			isa = PBXGroup;
			children = (
				A41C98EC195BFC17007BE347 /* SilenceHelper.app */,
				A41C9907195BFC17007BE347 /* SilenceHelperTests.xctest */,
			);
			name = Products;
			sourceTree = "<group>";
		};
		A41C98EE195BFC17007BE347 /* Frameworks */ = {
			isa = PBXGroup;
			children = (
				A41C98EF195BFC17007BE347 /* Foundation.framework */,
				A41C98F1195BFC17007BE347 /* CoreGraphics.framework */,
				A41C98F3195BFC17007BE347 /* UIKit.framework */,
				A41C9908195BFC17007BE347 /* XCTest.framework */,
			);
			name = Frameworks;
			sourceTree = "<group>";
		};
		A41C98F5195BFC17007BE347 /* SilenceHelper */ = {
			isa = PBXGroup;
			children = (
				A41C98FE195BFC17007BE347 /* YBYSHAppDelegate.h */,
				A41C98FF195BFC17007BE347 /* YBYSHAppDelegate.m */,
				A41C9901195BFC17007BE347 /* Images.xcassets */,
				A41C98F6195BFC17007BE347 /* Supporting Files */,
				A41C991E195BFC58007BE347 /* YBYSHRootViewController.h */,
				A41C991F195BFC58007BE347 /* YBYSHRootViewController.m */,
			);
			path = SilenceHelper;
			sourceTree = "<group>";
		};
		A41C98F6195BFC17007BE347 /* Supporting Files */ = {
			isa = PBXGroup;
			children = (
				A41C98F7195BFC17007BE347 /* SilenceHelper-Info.plist */,
				A41C98F8195BFC17007BE347 /* InfoPlist.strings */,
				A41C98FB195BFC17007BE347 /* main.m */,
				A41C98FD195BFC17007BE347 /* SilenceHelper-Prefix.pch */,
			);
			name = "Supporting Files";
			sourceTree = "<group>";
		};
		A41C990E195BFC17007BE347 /* SilenceHelperTests */ = {
			isa = PBXGroup;
			children = (
				A41C9914195BFC17007BE347 /* SilenceHelperTests.m */,
				A41C990F195BFC17007BE347 /* Supporting Files */,
			);
			path = SilenceHelperTests;
			sourceTree = "<group>";
		};
		A41C990F195BFC17007BE347 /* Supporting Files */ = {
			isa = PBXGroup;
			children = (
				A41C9910195BFC17007BE347 /* SilenceHelperTests-Info.plist */,
				A41C9911195BFC17007BE347 /* InfoPlist.strings */,
			);
			name = "Supporting Files";
			sourceTree = "<group>";
		};
/* End PBXGroup section */

/* Begin PBXNativeTarget section */
		A41C98EB195BFC17007BE347 /* SilenceHelper */ = {
			isa = PBXNativeTarget;
			buildConfigurationList = A41C9918195BFC17007BE347 /* Build configuration list for PBXNativeTarget "SilenceHelper" */;
			buildPhases = (
				A41C98E8195BFC17007BE347 /* Sources */,
				A41C98E9195BFC17007BE347 /* Frameworks */,
				A41C98EA195BFC17007BE347 /* Resources */,
			);
			buildRules = (
			);
			dependencies = (
			);
			name = SilenceHelper;
			productName = SilenceHelper;
			productReference = A41C98EC195BFC17007BE347 /* SilenceHelper.app */;
			productType = "com.apple.product-type.application";
		};
		A41C9906195BFC17007BE347 /* SilenceHelperTests */ = {
			isa = PBXNativeTarget;
			buildConfigurationList = A41C991B195BFC17007BE347 /* Build configuration list for PBXNativeTarget "SilenceHelperTests" */;
			buildPhases = (
				A41C9903195BFC17007BE347 /* Sources */,
				A41C9904195BFC17007BE347 /* Frameworks */,
				A41C9905195BFC17007BE347 /* Resources */,
			);
			buildRules = (
			);
			dependencies = (
				A41C990D195BFC17007BE347 /* PBXTargetDependency */,
			);
			name = SilenceHelperTests;
			productName = SilenceHelperTests;
			productReference = A41C9907195BFC17007BE347 /* SilenceHelperTests.xctest */;
			productType = "com.apple.product-type.bundle.unit-test";
		};
/* End PBXNativeTarget section */

/* Begin PBXProject section */
		A41C98E4195BFC17007BE347 /* Project object */ = {
			isa = PBXProject;
			attributes = {
				CLASSPREFIX = YBYSH;
				LastUpgradeCheck = 0510;
				ORGANIZATIONNAME = "Bingye Yu";
				TargetAttributes = {
					A41C9906195BFC17007BE347 = {
						TestTargetID = A41C98EB195BFC17007BE347;
					};
				};
			};
			buildConfigurationList = A41C98E7195BFC17007BE347 /* Build configuration list for PBXProject "SilenceHelper" */;
			compatibilityVersion = "Xcode 3.2";
			developmentRegion = English;
			hasScannedForEncodings = 0;
			knownRegions = (
				en,
			);
			mainGroup = A41C98E3195BFC17007BE347;
			productRefGroup = A41C98ED195BFC17007BE347 /* Products */;
			projectDirPath = "";
			projectRoot = "";
			targets = (
				A41C98EB195BFC17007BE347 /* SilenceHelper */,
				A41C9906195BFC17007BE347 /* SilenceHelperTests */,
			);
		};
/* End PBXProject section */

/* Begin PBXResourcesBuildPhase section */
		A41C98EA195BFC17007BE347 /* Resources */ = {
			isa = PBXResourcesBuildPhase;
			buildActionMask = 2147483647;
			files = (
				A41C98FA195BFC17007BE347 /* InfoPlist.strings in Resources */,
				A41C9902195BFC17007BE347 /* Images.xcassets in Resources */,
			);
			runOnlyForDeploymentPostprocessing = 0;
		};
		A41C9905195BFC17007BE347 /* Resources */ = {
			isa = PBXResourcesBuildPhase;
			buildActionMask = 2147483647;
			files = (
				A41C9913195BFC17007BE347 /* InfoPlist.strings in Resources */,
			);
			runOnlyForDeploymentPostprocessing = 0;
		};
/* End PBXResourcesBuildPhase section */

/* Begin PBXSourcesBuildPhase section */
		A41C98E8195BFC17007BE347 /* Sources */ = {
			isa = PBXSourcesBuildPhase;
			buildActionMask = 2147483647;
			files = (
				A41C9900195BFC17007BE347 /* YBYSHAppDelegate.m in Sources */,
				A41C98FC195BFC17007BE347 /* main.m in Sources */,
				A41C9920195BFC58007BE347 /* YBYSHRootViewController.m in Sources */,
			);
			runOnlyForDeploymentPostprocessing = 0;
		};
		A41C9903195BFC17007BE347 /* Sources */ = {
			isa = PBXSourcesBuildPhase;
			buildActionMask = 2147483647;
			files = (
				A41C9915195BFC17007BE347 /* SilenceHelperTests.m in Sources */,
			);
			runOnlyForDeploymentPostprocessing = 0;
		};
/* End PBXSourcesBuildPhase section */

/* Begin PBXTargetDependency section */
		A41C990D195BFC17007BE347 /* PBXTargetDependency */ = {
			isa = PBXTargetDependency;
			target = A41C98EB195BFC17007BE347 /* SilenceHelper */;
			targetProxy = A41C990C195BFC17007BE347 /* PBXContainerItemProxy */;
		};
/* End PBXTargetDependency section */

/* Begin PBXVariantGroup section */
		A41C98F8195BFC17007BE347 /* InfoPlist.strings */ = {
			isa = PBXVariantGroup;
			children = (
				A41C98F9195BFC17007BE347 /* en */,
			);
			name = InfoPlist.strings;
			sourceTree = "<group>";
		};
		A41C9911195BFC17007BE347 /* InfoPlist.strings */ = {
			isa = PBXVariantGroup;
			children = (
				A41C9912195BFC17007BE347 /* en */,
			);
			name = InfoPlist.strings;
			sourceTree = "<group>";
		};
/* End PBXVariantGroup section */

/* Begin XCBuildConfiguration section */
		A41C9916195BFC17007BE347 /* Debug */ = {
			isa = XCBuildConfiguration;
			buildSettings = {
				ALWAYS_SEARCH_USER_PATHS = NO;
				CLANG_CXX_LANGUAGE_STANDARD = "gnu++0x";
				CLANG_CXX_LIBRARY = "libc++";
				CLANG_ENABLE_MODULES = YES;
				CLANG_ENABLE_OBJC_ARC = YES;
				CLANG_WARN_BOOL_CONVERSION = YES;
				CLANG_WARN_CONSTANT_CONVERSION = YES;
				CLANG_WARN_DIRECT_OBJC_ISA_USAGE = YES_ERROR;
				CLANG_WARN_EMPTY_BODY = YES;
				CLANG_WARN_ENUM_CONVERSION = YES;
				CLANG_WARN_INT_CONVERSION = YES;
				CLANG_WARN_OBJC_ROOT_CLASS = YES_ERROR;
				CLANG_WARN__DUPLICATE_METHOD_MATCH = YES;
				"CODE_SIGN_IDENTITY[sdk=iphoneos*]" = "iPhone Developer";
				COPY_PHASE_STRIP = NO;
				GCC_C_LANGUAGE_STANDARD = gnu99;
				GCC_DYNAMIC_NO_PIC = NO;
				GCC_OPTIMIZATION_LEVEL = 0;
				GCC_PREPROCESSOR_DEFINITIONS = (
					"DEBUG=1",
					"$(inherited)",
				);
				GCC_SYMBOLS_PRIVATE_EXTERN = NO;
				GCC_WARN_64_TO_32_BIT_CONVERSION = YES;
				GCC_WARN_ABOUT_RETURN_TYPE = YES_ERROR;
				GCC_WARN_UNDECLARED_SELECTOR = YES;
				GCC_WARN_UNINITIALIZED_AUTOS = YES_AGGRESSIVE;
				GCC_WARN_UNUSED_FUNCTION = YES;
				GCC_WARN_UNUSED_VARIABLE = YES;
				IPHONEOS_DEPLOYMENT_TARGET = 7.1;
				ONLY_ACTIVE_ARCH = YES;
				SDKROOT = iphoneos;
			};
			name = Debug;
		};
		A41C9917195BFC17007BE347 /* Release */ = {
			isa = XCBuildConfiguration;
			buildSettings = {
				ALWAYS_SEARCH_USER_PATHS = NO;
				CLANG_CXX_LANGUAGE_STANDARD = "gnu++0x";
				CLANG_CXX_LIBRARY = "libc++";
				CLANG_ENABLE_MODULES = YES;
				CLANG_ENABLE_OBJC_ARC = YES;
				CLANG_WARN_BOOL_CONVERSION = YES;
				CLANG_WARN_CONSTANT_CONVERSION = YES;
				CLANG_WARN_DIRECT_OBJC_ISA_USAGE = YES_ERROR;
				CLANG_WARN_EMPTY_BODY = YES;
				CLANG_WARN_ENUM_CONVERSION = YES;
				CLANG_WARN_INT_CONVERSION = YES;
				CLANG_WARN_OBJC_ROOT_CLASS = YES_ERROR;
				CLANG_WARN__DUPLICATE_METHOD_MATCH = YES;
				"CODE_SIGN_IDENTITY[sdk=iphoneos*]" = "iPhone Developer";
				COPY_PHASE_STRIP = YES;
				ENABLE_NS_ASSERTIONS = NO;
				GCC_C_LANGUAGE_STANDARD = gnu99;
				GCC_WARN_64_TO_32_BIT_CONVERSION = YES;
				GCC_WARN_ABOUT_RETURN_TYPE = YES_ERROR;
				GCC_WARN_UNDECLARED_SELECTOR = YES;
				GCC_WARN_UNINITIALIZED_AUTOS = YES_AGGRESSIVE;
				GCC_WARN_UNUSED_FUNCTION = YES;
				GCC_WARN_UNUSED_VARIABLE = YES;
				IPHONEOS_DEPLOYMENT_TARGET = 7.1;
				SDKROOT = iphoneos;
				VALIDATE_PRODUCT = YES;
			};
			name = Release;
		};
		A41C9919195BFC17007BE347 /* Debug */ = {
			isa = XCBuildConfiguration;
			buildSettings = {
				ASSETCATALOG_COMPILER_APPICON_NAME = AppIcon;
				ASSETCATALOG_COMPILER_LAUNCHIMAGE_NAME = LaunchImage;
				GCC_PRECOMPILE_PREFIX_HEADER = YES;
				GCC_PREFIX_HEADER = "SilenceHelper/SilenceHelper-Prefix.pch";
				INFOPLIST_FILE = "SilenceHelper/SilenceHelper-Info.plist";
				PRODUCT_NAME = "$(TARGET_NAME)";
				WRAPPER_EXTENSION = app;
			};
			name = Debug;
		};
		A41C991A195BFC17007BE347 /* Release */ = {
			isa = XCBuildConfiguration;
			buildSettings = {
				ASSETCATALOG_COMPILER_APPICON_NAME = AppIcon;
				ASSETCATALOG_COMPILER_LAUNCHIMAGE_NAME = LaunchImage;
				GCC_PRECOMPILE_PREFIX_HEADER = YES;
				GCC_PREFIX_HEADER = "SilenceHelper/SilenceHelper-Prefix.pch";
				INFOPLIST_FILE = "SilenceHelper/SilenceHelper-Info.plist";
				PRODUCT_NAME = "$(TARGET_NAME)";
				WRAPPER_EXTENSION = app;
			};
			name = Release;
		};
		A41C991C195BFC17007BE347 /* Debug */ = {
			isa = XCBuildConfiguration;
			buildSettings = {
				BUNDLE_LOADER = "$(BUILT_PRODUCTS_DIR)/SilenceHelper.app/SilenceHelper";
				FRAMEWORK_SEARCH_PATHS = (
					"$(SDKROOT)/Developer/Library/Frameworks",
					"$(inherited)",
					"$(DEVELOPER_FRAMEWORKS_DIR)",
				);
				GCC_PRECOMPILE_PREFIX_HEADER = YES;
				GCC_PREFIX_HEADER = "SilenceHelper/SilenceHelper-Prefix.pch";
				GCC_PREPROCESSOR_DEFINITIONS = (
					"DEBUG=1",
					"$(inherited)",
				);
				INFOPLIST_FILE = "SilenceHelperTests/SilenceHelperTests-Info.plist";
				PRODUCT_NAME = "$(TARGET_NAME)";
				TEST_HOST = "$(BUNDLE_LOADER)";
				WRAPPER_EXTENSION = xctest;
			};
			name = Debug;
		};
		A41C991D195BFC17007BE347 /* Release */ = {
			isa = XCBuildConfiguration;
			buildSettings = {
				BUNDLE_LOADER = "$(BUILT_PRODUCTS_DIR)/SilenceHelper.app/SilenceHelper";
				FRAMEWORK_SEARCH_PATHS = (
					"$(SDKROOT)/Developer/Library/Frameworks",
					"$(inherited)",
					"$(DEVELOPER_FRAMEWORKS_DIR)",
				);
				GCC_PRECOMPILE_PREFIX_HEADER = YES;
				GCC_PREFIX_HEADER = "SilenceHelper/SilenceHelper-Prefix.pch";
				INFOPLIST_FILE = "SilenceHelperTests/SilenceHelperTests-Info.plist";
				PRODUCT_NAME = "$(TARGET_NAME)";
				TEST_HOST = "$(BUNDLE_LOADER)";
				WRAPPER_EXTENSION = xctest;
			};
			name = Release;
		};
/* End XCBuildConfiguration section */

/* Begin XCConfigurationList section */
		A41C98E7195BFC17007BE347 /* Build configuration list for PBXProject "SilenceHelper" */ = {
			isa = XCConfigurationList;
			buildConfigurations = (
				A41C9916195BFC17007BE347 /* Debug */,
				A41C9917195BFC17007BE347 /* Release */,
			);
			defaultConfigurationIsVisible = 0;
			defaultConfigurationName = Release;
		};
		A41C9918195BFC17007BE347 /* Build configuration list for PBXNativeTarget "SilenceHelper" */ = {
			isa = XCConfigurationList;
			buildConfigurations = (
				A41C9919195BFC17007BE347 /* Debug */,
				A41C991A195BFC17007BE347 /* Release */,
			);
			defaultConfigurationIsVisible = 0;
		};
		A41C991B195BFC17007BE347 /* Build configuration list for PBXNativeTarget "SilenceHelperTests" */ = {
			isa = XCConfigurationList;
			buildConfigurations = (
				A41C991C195BFC17007BE347 /* Debug */,
				A41C991D195BFC17007BE347 /* Release */,
			);
			defaultConfigurationIsVisible = 0;
		};
/* End XCConfigurationList section */
	};
	rootObject = A41C98E4195BFC17007BE347 /* Project object */;
}
