// !$*UTF8*$!
{
	archiveVersion = 1;
	classes = {
	};
	objectVersion = 46;
	objects = {

/* Begin PBXBuildFile section */
		A4347489196BE8A400B49019 /* Foundation.framework in Frameworks */ = {isa = PBXBuildFile; fileRef = A4347488196BE8A400B49019 /* Foundation.framework */; };
		A434748B196BE8A400B49019 /* CoreGraphics.framework in Frameworks */ = {isa = PBXBuildFile; fileRef = A434748A196BE8A400B49019 /* CoreGraphics.framework */; };
		A434748D196BE8A400B49019 /* UIKit.framework in Frameworks */ = {isa = PBXBuildFile; fileRef = A434748C196BE8A400B49019 /* UIKit.framework */; };
		A4347493196BE8A400B49019 /* InfoPlist.strings in Resources */ = {isa = PBXBuildFile; fileRef = A4347491196BE8A400B49019 /* InfoPlist.strings */; };
		A4347495196BE8A400B49019 /* main.m in Sources */ = {isa = PBXBuildFile; fileRef = A4347494196BE8A400B49019 /* main.m */; };
		A4347499196BE8A400B49019 /* YBYTAppDelegate.m in Sources */ = {isa = PBXBuildFile; fileRef = A4347498196BE8A400B49019 /* YBYTAppDelegate.m */; };
		A434749B196BE8A400B49019 /* Images.xcassets in Resources */ = {isa = PBXBuildFile; fileRef = A434749A196BE8A400B49019 /* Images.xcassets */; };
		A43474A2196BE8A400B49019 /* XCTest.framework in Frameworks */ = {isa = PBXBuildFile; fileRef = A43474A1196BE8A400B49019 /* XCTest.framework */; };
		A43474A3196BE8A400B49019 /* Foundation.framework in Frameworks */ = {isa = PBXBuildFile; fileRef = A4347488196BE8A400B49019 /* Foundation.framework */; };
		A43474A4196BE8A400B49019 /* UIKit.framework in Frameworks */ = {isa = PBXBuildFile; fileRef = A434748C196BE8A400B49019 /* UIKit.framework */; };
		A43474AC196BE8A400B49019 /* InfoPlist.strings in Resources */ = {isa = PBXBuildFile; fileRef = A43474AA196BE8A400B49019 /* InfoPlist.strings */; };
		A43474AE196BE8A400B49019 /* TestTests.m in Sources */ = {isa = PBXBuildFile; fileRef = A43474AD196BE8A400B49019 /* TestTests.m */; };
		A43474B9196BEB7400B49019 /* YBYTRootViewController.m in Sources */ = {isa = PBXBuildFile; fileRef = A43474B8196BEB7400B49019 /* YBYTRootViewController.m */; };
		A43474BC196BEB8000B49019 /* YBYTSecondViewController.m in Sources */ = {isa = PBXBuildFile; fileRef = A43474BB196BEB8000B49019 /* YBYTSecondViewController.m */; };
/* End PBXBuildFile section */

/* Begin PBXContainerItemProxy section */
		A43474A5196BE8A400B49019 /* PBXContainerItemProxy */ = {
			isa = PBXContainerItemProxy;
			containerPortal = A434747D196BE8A400B49019 /* Project object */;
			proxyType = 1;
			remoteGlobalIDString = A4347484196BE8A400B49019;
			remoteInfo = Test;
		};
/* End PBXContainerItemProxy section */

/* Begin PBXFileReference section */
		A4347485196BE8A400B49019 /* Test.app */ = {isa = PBXFileReference; explicitFileType = wrapper.application; includeInIndex = 0; path = Test.app; sourceTree = BUILT_PRODUCTS_DIR; };
		A4347488196BE8A400B49019 /* Foundation.framework */ = {isa = PBXFileReference; lastKnownFileType = wrapper.framework; name = Foundation.framework; path = System/Library/Frameworks/Foundation.framework; sourceTree = SDKROOT; };
		A434748A196BE8A400B49019 /* CoreGraphics.framework */ = {isa = PBXFileReference; lastKnownFileType = wrapper.framework; name = CoreGraphics.framework; path = System/Library/Frameworks/CoreGraphics.framework; sourceTree = SDKROOT; };
		A434748C196BE8A400B49019 /* UIKit.framework */ = {isa = PBXFileReference; lastKnownFileType = wrapper.framework; name = UIKit.framework; path = System/Library/Frameworks/UIKit.framework; sourceTree = SDKROOT; };
		A4347490196BE8A400B49019 /* Test-Info.plist */ = {isa = PBXFileReference; lastKnownFileType = text.plist.xml; path = "Test-Info.plist"; sourceTree = "<group>"; };
		A4347492196BE8A400B49019 /* en */ = {isa = PBXFileReference; lastKnownFileType = text.plist.strings; name = en; path = en.lproj/InfoPlist.strings; sourceTree = "<group>"; };
		A4347494196BE8A400B49019 /* main.m */ = {isa = PBXFileReference; lastKnownFileType = sourcecode.c.objc; path = main.m; sourceTree = "<group>"; };
		A4347496196BE8A400B49019 /* Test-Prefix.pch */ = {isa = PBXFileReference; lastKnownFileType = sourcecode.c.h; path = "Test-Prefix.pch"; sourceTree = "<group>"; };
		A4347497196BE8A400B49019 /* YBYTAppDelegate.h */ = {isa = PBXFileReference; lastKnownFileType = sourcecode.c.h; path = YBYTAppDelegate.h; sourceTree = "<group>"; };
		A4347498196BE8A400B49019 /* YBYTAppDelegate.m */ = {isa = PBXFileReference; lastKnownFileType = sourcecode.c.objc; path = YBYTAppDelegate.m; sourceTree = "<group>"; };
		A434749A196BE8A400B49019 /* Images.xcassets */ = {isa = PBXFileReference; lastKnownFileType = folder.assetcatalog; path = Images.xcassets; sourceTree = "<group>"; };
		A43474A0196BE8A400B49019 /* TestTests.xctest */ = {isa = PBXFileReference; explicitFileType = wrapper.cfbundle; includeInIndex = 0; path = TestTests.xctest; sourceTree = BUILT_PRODUCTS_DIR; };
		A43474A1196BE8A400B49019 /* XCTest.framework */ = {isa = PBXFileReference; lastKnownFileType = wrapper.framework; name = XCTest.framework; path = Library/Frameworks/XCTest.framework; sourceTree = DEVELOPER_DIR; };
		A43474A9196BE8A400B49019 /* TestTests-Info.plist */ = {isa = PBXFileReference; lastKnownFileType = text.plist.xml; path = "TestTests-Info.plist"; sourceTree = "<group>"; };
		A43474AB196BE8A400B49019 /* en */ = {isa = PBXFileReference; lastKnownFileType = text.plist.strings; name = en; path = en.lproj/InfoPlist.strings; sourceTree = "<group>"; };
		A43474AD196BE8A400B49019 /* TestTests.m */ = {isa = PBXFileReference; lastKnownFileType = sourcecode.c.objc; path = TestTests.m; sourceTree = "<group>"; };
		A43474B7196BEB7400B49019 /* YBYTRootViewController.h */ = {isa = PBXFileReference; fileEncoding = 4; lastKnownFileType = sourcecode.c.h; path = YBYTRootViewController.h; sourceTree = "<group>"; };
		A43474B8196BEB7400B49019 /* YBYTRootViewController.m */ = {isa = PBXFileReference; fileEncoding = 4; lastKnownFileType = sourcecode.c.objc; path = YBYTRootViewController.m; sourceTree = "<group>"; };
		A43474BA196BEB8000B49019 /* YBYTSecondViewController.h */ = {isa = PBXFileReference; fileEncoding = 4; lastKnownFileType = sourcecode.c.h; path = YBYTSecondViewController.h; sourceTree = "<group>"; };
		A43474BB196BEB8000B49019 /* YBYTSecondViewController.m */ = {isa = PBXFileReference; fileEncoding = 4; lastKnownFileType = sourcecode.c.objc; path = YBYTSecondViewController.m; sourceTree = "<group>"; };
/* End PBXFileReference section */

/* Begin PBXFrameworksBuildPhase section */
		A4347482196BE8A400B49019 /* Frameworks */ = {
			isa = PBXFrameworksBuildPhase;
			buildActionMask = 2147483647;
			files = (
				A434748B196BE8A400B49019 /* CoreGraphics.framework in Frameworks */,
				A434748D196BE8A400B49019 /* UIKit.framework in Frameworks */,
				A4347489196BE8A400B49019 /* Foundation.framework in Frameworks */,
			);
			runOnlyForDeploymentPostprocessing = 0;
		};
		A434749D196BE8A400B49019 /* Frameworks */ = {
			isa = PBXFrameworksBuildPhase;
			buildActionMask = 2147483647;
			files = (
				A43474A2196BE8A400B49019 /* XCTest.framework in Frameworks */,
				A43474A4196BE8A400B49019 /* UIKit.framework in Frameworks */,
				A43474A3196BE8A400B49019 /* Foundation.framework in Frameworks */,
			);
			runOnlyForDeploymentPostprocessing = 0;
		};
/* End PBXFrameworksBuildPhase section */

/* Begin PBXGroup section */
		A434747C196BE8A400B49019 = {
			isa = PBXGroup;
			children = (
				A434748E196BE8A400B49019 /* Test */,
				A43474A7196BE8A400B49019 /* TestTests */,
				A4347487196BE8A400B49019 /* Frameworks */,
				A4347486196BE8A400B49019 /* Products */,
			);
			sourceTree = "<group>";
		};
		A4347486196BE8A400B49019 /* Products */ = {
			isa = PBXGroup;
			children = (
				A4347485196BE8A400B49019 /* Test.app */,
				A43474A0196BE8A400B49019 /* TestTests.xctest */,
			);
			name = Products;
			sourceTree = "<group>";
		};
		A4347487196BE8A400B49019 /* Frameworks */ = {
			isa = PBXGroup;
			children = (
				A4347488196BE8A400B49019 /* Foundation.framework */,
				A434748A196BE8A400B49019 /* CoreGraphics.framework */,
				A434748C196BE8A400B49019 /* UIKit.framework */,
				A43474A1196BE8A400B49019 /* XCTest.framework */,
			);
			name = Frameworks;
			sourceTree = "<group>";
		};
		A434748E196BE8A400B49019 /* Test */ = {
			isa = PBXGroup;
			children = (
				A4347497196BE8A400B49019 /* YBYTAppDelegate.h */,
				A4347498196BE8A400B49019 /* YBYTAppDelegate.m */,
				A434749A196BE8A400B49019 /* Images.xcassets */,
				A434748F196BE8A400B49019 /* Supporting Files */,
				A43474B7196BEB7400B49019 /* YBYTRootViewController.h */,
				A43474B8196BEB7400B49019 /* YBYTRootViewController.m */,
				A43474BA196BEB8000B49019 /* YBYTSecondViewController.h */,
				A43474BB196BEB8000B49019 /* YBYTSecondViewController.m */,
			);
			path = Test;
			sourceTree = "<group>";
		};
		A434748F196BE8A400B49019 /* Supporting Files */ = {
			isa = PBXGroup;
			children = (
				A4347490196BE8A400B49019 /* Test-Info.plist */,
				A4347491196BE8A400B49019 /* InfoPlist.strings */,
				A4347494196BE8A400B49019 /* main.m */,
				A4347496196BE8A400B49019 /* Test-Prefix.pch */,
			);
			name = "Supporting Files";
			sourceTree = "<group>";
		};
		A43474A7196BE8A400B49019 /* TestTests */ = {
			isa = PBXGroup;
			children = (
				A43474AD196BE8A400B49019 /* TestTests.m */,
				A43474A8196BE8A400B49019 /* Supporting Files */,
			);
			path = TestTests;
			sourceTree = "<group>";
		};
		A43474A8196BE8A400B49019 /* Supporting Files */ = {
			isa = PBXGroup;
			children = (
				A43474A9196BE8A400B49019 /* TestTests-Info.plist */,
				A43474AA196BE8A400B49019 /* InfoPlist.strings */,
			);
			name = "Supporting Files";
			sourceTree = "<group>";
		};
/* End PBXGroup section */

/* Begin PBXNativeTarget section */
		A4347484196BE8A400B49019 /* Test */ = {
			isa = PBXNativeTarget;
			buildConfigurationList = A43474B1196BE8A400B49019 /* Build configuration list for PBXNativeTarget "Test" */;
			buildPhases = (
				A4347481196BE8A400B49019 /* Sources */,
				A4347482196BE8A400B49019 /* Frameworks */,
				A4347483196BE8A400B49019 /* Resources */,
			);
			buildRules = (
			);
			dependencies = (
			);
			name = Test;
			productName = Test;
			productReference = A4347485196BE8A400B49019 /* Test.app */;
			productType = "com.apple.product-type.application";
		};
		A434749F196BE8A400B49019 /* TestTests */ = {
			isa = PBXNativeTarget;
			buildConfigurationList = A43474B4196BE8A400B49019 /* Build configuration list for PBXNativeTarget "TestTests" */;
			buildPhases = (
				A434749C196BE8A400B49019 /* Sources */,
				A434749D196BE8A400B49019 /* Frameworks */,
				A434749E196BE8A400B49019 /* Resources */,
			);
			buildRules = (
			);
			dependencies = (
				A43474A6196BE8A400B49019 /* PBXTargetDependency */,
			);
			name = TestTests;
			productName = TestTests;
			productReference = A43474A0196BE8A400B49019 /* TestTests.xctest */;
			productType = "com.apple.product-type.bundle.unit-test";
		};
/* End PBXNativeTarget section */

/* Begin PBXProject section */
		A434747D196BE8A400B49019 /* Project object */ = {
			isa = PBXProject;
			attributes = {
				CLASSPREFIX = YBYT;
				LastUpgradeCheck = 0510;
				ORGANIZATIONNAME = "Bingye Yu";
				TargetAttributes = {
					A434749F196BE8A400B49019 = {
						TestTargetID = A4347484196BE8A400B49019;
					};
				};
			};
			buildConfigurationList = A4347480196BE8A400B49019 /* Build configuration list for PBXProject "Test" */;
			compatibilityVersion = "Xcode 3.2";
			developmentRegion = English;
			hasScannedForEncodings = 0;
			knownRegions = (
				en,
			);
			mainGroup = A434747C196BE8A400B49019;
			productRefGroup = A4347486196BE8A400B49019 /* Products */;
			projectDirPath = "";
			projectRoot = "";
			targets = (
				A4347484196BE8A400B49019 /* Test */,
				A434749F196BE8A400B49019 /* TestTests */,
			);
		};
/* End PBXProject section */

/* Begin PBXResourcesBuildPhase section */
		A4347483196BE8A400B49019 /* Resources */ = {
			isa = PBXResourcesBuildPhase;
			buildActionMask = 2147483647;
			files = (
				A4347493196BE8A400B49019 /* InfoPlist.strings in Resources */,
				A434749B196BE8A400B49019 /* Images.xcassets in Resources */,
			);
			runOnlyForDeploymentPostprocessing = 0;
		};
		A434749E196BE8A400B49019 /* Resources */ = {
			isa = PBXResourcesBuildPhase;
			buildActionMask = 2147483647;
			files = (
				A43474AC196BE8A400B49019 /* InfoPlist.strings in Resources */,
			);
			runOnlyForDeploymentPostprocessing = 0;
		};
/* End PBXResourcesBuildPhase section */

/* Begin PBXSourcesBuildPhase section */
		A4347481196BE8A400B49019 /* Sources */ = {
			isa = PBXSourcesBuildPhase;
			buildActionMask = 2147483647;
			files = (
				A43474BC196BEB8000B49019 /* YBYTSecondViewController.m in Sources */,
				A4347499196BE8A400B49019 /* YBYTAppDelegate.m in Sources */,
				A4347495196BE8A400B49019 /* main.m in Sources */,
				A43474B9196BEB7400B49019 /* YBYTRootViewController.m in Sources */,
			);
			runOnlyForDeploymentPostprocessing = 0;
		};
		A434749C196BE8A400B49019 /* Sources */ = {
			isa = PBXSourcesBuildPhase;
			buildActionMask = 2147483647;
			files = (
				A43474AE196BE8A400B49019 /* TestTests.m in Sources */,
			);
			runOnlyForDeploymentPostprocessing = 0;
		};
/* End PBXSourcesBuildPhase section */

/* Begin PBXTargetDependency section */
		A43474A6196BE8A400B49019 /* PBXTargetDependency */ = {
			isa = PBXTargetDependency;
			target = A4347484196BE8A400B49019 /* Test */;
			targetProxy = A43474A5196BE8A400B49019 /* PBXContainerItemProxy */;
		};
/* End PBXTargetDependency section */

/* Begin PBXVariantGroup section */
		A4347491196BE8A400B49019 /* InfoPlist.strings */ = {
			isa = PBXVariantGroup;
			children = (
				A4347492196BE8A400B49019 /* en */,
			);
			name = InfoPlist.strings;
			sourceTree = "<group>";
		};
		A43474AA196BE8A400B49019 /* InfoPlist.strings */ = {
			isa = PBXVariantGroup;
			children = (
				A43474AB196BE8A400B49019 /* en */,
			);
			name = InfoPlist.strings;
			sourceTree = "<group>";
		};
/* End PBXVariantGroup section */

/* Begin XCBuildConfiguration section */
		A43474AF196BE8A400B49019 /* Debug */ = {
			isa = XCBuildConfiguration;
			buildSettings = {
				ALWAYS_SEARCH_USER_PATHS = NO;
				CLANG_CXX_LANGUAGE_STANDARD = "gnu++0x";
				CLANG_CXX_LIBRARY = "libc++";
				CLANG_ENABLE_MODULES = YES;
				CLANG_ENABLE_OBJC_ARC = YES;
				CLANG_WARN_BOOL_CONVERSION = YES;
				CLANG_WARN_CONSTANT_CONVERSION = YES;
				CLANG_WARN_DIRECT_OBJC_ISA_USAGE = YES_ERROR;
				CLANG_WARN_EMPTY_BODY = YES;
				CLANG_WARN_ENUM_CONVERSION = YES;
				CLANG_WARN_INT_CONVERSION = YES;
				CLANG_WARN_OBJC_ROOT_CLASS = YES_ERROR;
				CLANG_WARN__DUPLICATE_METHOD_MATCH = YES;
				"CODE_SIGN_IDENTITY[sdk=iphoneos*]" = "iPhone Developer";
				COPY_PHASE_STRIP = NO;
				GCC_C_LANGUAGE_STANDARD = gnu99;
				GCC_DYNAMIC_NO_PIC = NO;
				GCC_OPTIMIZATION_LEVEL = 0;
				GCC_PREPROCESSOR_DEFINITIONS = (
					"DEBUG=1",
					"$(inherited)",
				);
				GCC_SYMBOLS_PRIVATE_EXTERN = NO;
				GCC_WARN_64_TO_32_BIT_CONVERSION = YES;
				GCC_WARN_ABOUT_RETURN_TYPE = YES_ERROR;
				GCC_WARN_UNDECLARED_SELECTOR = YES;
				GCC_WARN_UNINITIALIZED_AUTOS = YES_AGGRESSIVE;
				GCC_WARN_UNUSED_FUNCTION = YES;
				GCC_WARN_UNUSED_VARIABLE = YES;
				IPHONEOS_DEPLOYMENT_TARGET = 7.1;
				ONLY_ACTIVE_ARCH = YES;
				SDKROOT = iphoneos;
			};
			name = Debug;
		};
		A43474B0196BE8A400B49019 /* Release */ = {
			isa = XCBuildConfiguration;
			buildSettings = {
				ALWAYS_SEARCH_USER_PATHS = NO;
				CLANG_CXX_LANGUAGE_STANDARD = "gnu++0x";
				CLANG_CXX_LIBRARY = "libc++";
				CLANG_ENABLE_MODULES = YES;
				CLANG_ENABLE_OBJC_ARC = YES;
				CLANG_WARN_BOOL_CONVERSION = YES;
				CLANG_WARN_CONSTANT_CONVERSION = YES;
				CLANG_WARN_DIRECT_OBJC_ISA_USAGE = YES_ERROR;
				CLANG_WARN_EMPTY_BODY = YES;
				CLANG_WARN_ENUM_CONVERSION = YES;
				CLANG_WARN_INT_CONVERSION = YES;
				CLANG_WARN_OBJC_ROOT_CLASS = YES_ERROR;
				CLANG_WARN__DUPLICATE_METHOD_MATCH = YES;
				"CODE_SIGN_IDENTITY[sdk=iphoneos*]" = "iPhone Developer";
				COPY_PHASE_STRIP = YES;
				ENABLE_NS_ASSERTIONS = NO;
				GCC_C_LANGUAGE_STANDARD = gnu99;
				GCC_WARN_64_TO_32_BIT_CONVERSION = YES;
				GCC_WARN_ABOUT_RETURN_TYPE = YES_ERROR;
				GCC_WARN_UNDECLARED_SELECTOR = YES;
				GCC_WARN_UNINITIALIZED_AUTOS = YES_AGGRESSIVE;
				GCC_WARN_UNUSED_FUNCTION = YES;
				GCC_WARN_UNUSED_VARIABLE = YES;
				IPHONEOS_DEPLOYMENT_TARGET = 7.1;
				SDKROOT = iphoneos;
				VALIDATE_PRODUCT = YES;
			};
			name = Release;
		};
		A43474B2196BE8A400B49019 /* Debug */ = {
			isa = XCBuildConfiguration;
			buildSettings = {
				ASSETCATALOG_COMPILER_APPICON_NAME = AppIcon;
				ASSETCATALOG_COMPILER_LAUNCHIMAGE_NAME = LaunchImage;
				GCC_PRECOMPILE_PREFIX_HEADER = YES;
				GCC_PREFIX_HEADER = "Test/Test-Prefix.pch";
				INFOPLIST_FILE = "Test/Test-Info.plist";
				IPHONEOS_DEPLOYMENT_TARGET = 6.0;
				PRODUCT_NAME = "$(TARGET_NAME)";
				WRAPPER_EXTENSION = app;
			};
			name = Debug;
		};
		A43474B3196BE8A400B49019 /* Release */ = {
			isa = XCBuildConfiguration;
			buildSettings = {
				ASSETCATALOG_COMPILER_APPICON_NAME = AppIcon;
				ASSETCATALOG_COMPILER_LAUNCHIMAGE_NAME = LaunchImage;
				GCC_PRECOMPILE_PREFIX_HEADER = YES;
				GCC_PREFIX_HEADER = "Test/Test-Prefix.pch";
				INFOPLIST_FILE = "Test/Test-Info.plist";
				IPHONEOS_DEPLOYMENT_TARGET = 6.0;
				PRODUCT_NAME = "$(TARGET_NAME)";
				WRAPPER_EXTENSION = app;
			};
			name = Release;
		};
		A43474B5196BE8A400B49019 /* Debug */ = {
			isa = XCBuildConfiguration;
			buildSettings = {
				BUNDLE_LOADER = "$(BUILT_PRODUCTS_DIR)/Test.app/Test";
				FRAMEWORK_SEARCH_PATHS = (
					"$(SDKROOT)/Developer/Library/Frameworks",
					"$(inherited)",
					"$(DEVELOPER_FRAMEWORKS_DIR)",
				);
				GCC_PRECOMPILE_PREFIX_HEADER = YES;
				GCC_PREFIX_HEADER = "Test/Test-Prefix.pch";
				GCC_PREPROCESSOR_DEFINITIONS = (
					"DEBUG=1",
					"$(inherited)",
				);
				INFOPLIST_FILE = "TestTests/TestTests-Info.plist";
				PRODUCT_NAME = "$(TARGET_NAME)";
				TEST_HOST = "$(BUNDLE_LOADER)";
				WRAPPER_EXTENSION = xctest;
			};
			name = Debug;
		};
		A43474B6196BE8A400B49019 /* Release */ = {
			isa = XCBuildConfiguration;
			buildSettings = {
				BUNDLE_LOADER = "$(BUILT_PRODUCTS_DIR)/Test.app/Test";
				FRAMEWORK_SEARCH_PATHS = (
					"$(SDKROOT)/Developer/Library/Frameworks",
					"$(inherited)",
					"$(DEVELOPER_FRAMEWORKS_DIR)",
				);
				GCC_PRECOMPILE_PREFIX_HEADER = YES;
				GCC_PREFIX_HEADER = "Test/Test-Prefix.pch";
				INFOPLIST_FILE = "TestTests/TestTests-Info.plist";
				PRODUCT_NAME = "$(TARGET_NAME)";
				TEST_HOST = "$(BUNDLE_LOADER)";
				WRAPPER_EXTENSION = xctest;
			};
			name = Release;
		};
/* End XCBuildConfiguration section */

/* Begin XCConfigurationList section */
		A4347480196BE8A400B49019 /* Build configuration list for PBXProject "Test" */ = {
			isa = XCConfigurationList;
			buildConfigurations = (
				A43474AF196BE8A400B49019 /* Debug */,
				A43474B0196BE8A400B49019 /* Release */,
			);
			defaultConfigurationIsVisible = 0;
			defaultConfigurationName = Release;
		};
		A43474B1196BE8A400B49019 /* Build configuration list for PBXNativeTarget "Test" */ = {
			isa = XCConfigurationList;
			buildConfigurations = (
				A43474B2196BE8A400B49019 /* Debug */,
				A43474B3196BE8A400B49019 /* Release */,
			);
			defaultConfigurationIsVisible = 0;
		};
		A43474B4196BE8A400B49019 /* Build configuration list for PBXNativeTarget "TestTests" */ = {
			isa = XCConfigurationList;
			buildConfigurations = (
				A43474B5196BE8A400B49019 /* Debug */,
				A43474B6196BE8A400B49019 /* Release */,
			);
			defaultConfigurationIsVisible = 0;
		};
/* End XCConfigurationList section */
	};
	rootObject = A434747D196BE8A400B49019 /* Project object */;
}
